
Microsoft Visual Studio Solution File, Format Version 12.00
# Visual Studio Version 16
VisualStudioVersion = 16.0.33927.289
MinimumVisualStudioVersion = 10.0.40219.1
Project("{8BC9CEB8-8B4A-11D0-8D11-00A0C91BC942}") = "Tyuiu.BreslavskayaIV.Sprint1.Task0", "Tyuiu.BreslavskayaIV.Sprint1.Task0\Tyuiu.BreslavskayaIV.Sprint1.Task0.vcxproj", "{E8014CF2-CD03-4D2C-8137-00805B700903}"
EndProject
Project("{2150E333-8FDC-42A3-9474-1A3956D46DE8}") = "Task0", "Task0", "{B77D0189-3621-4D09-BD7F-9940A975A595}"
EndProject
Project("{8BC9CEB8-8B4A-11D0-8D11-00A0C91BC942}") = "Tyuiu.BreslavskayaIV.Sprint1.Task0.Lib", "Tyuiu.BreslavskayaIV.Sprint1.Task0.Lib\Tyuiu.BreslavskayaIV.Sprint1.Task0.Lib.vcxproj", "{2029FC22-D2C2-4E6F-90E8-363C6FBF0F19}"
EndProject
Project("{8BC9CEB8-8B4A-11D0-8D11-00A0C91BC942}") = "Tyuiu.BreslavskayaIV.Sprint1.Task0.Test", "Tyuiu.BreslavskayaIV.Sprint1.Task0.Test\Tyuiu.BreslavskayaIV.Sprint1.Task0.Test.vcxproj", "{FA9D366C-5B94-48BC-A5C9-DD217315F7DD}"
EndProject
Global
	GlobalSection(SolutionConfigurationPlatforms) = preSolution
		Debug|x64 = Debug|x64
		Debug|x86 = Debug|x86
		Release|x64 = Release|x64
		Release|x86 = Release|x86
	EndGlobalSection
	GlobalSection(ProjectConfigurationPlatforms) = postSolution
		{E8014CF2-CD03-4D2C-8137-00805B700903}.Debug|x64.ActiveCfg = Debug|x64
		{E8014CF2-CD03-4D2C-8137-00805B700903}.Debug|x64.Build.0 = Debug|x64
		{E8014CF2-CD03-4D2C-8137-00805B700903}.Debug|x86.ActiveCfg = Debug|Win32
		{E8014CF2-CD03-4D2C-8137-00805B700903}.Debug|x86.Build.0 = Debug|Win32
		{E8014CF2-CD03-4D2C-8137-00805B700903}.Release|x64.ActiveCfg = Release|x64
		{E8014CF2-CD03-4D2C-8137-00805B700903}.Release|x64.Build.0 = Release|x64
		{E8014CF2-CD03-4D2C-8137-00805B700903}.Release|x86.ActiveCfg = Release|Win32
		{E8014CF2-CD03-4D2C-8137-00805B700903}.Release|x86.Build.0 = Release|Win32
		{2029FC22-D2C2-4E6F-90E8-363C6FBF0F19}.Debug|x64.ActiveCfg = Debug|x64
		{2029FC22-D2C2-4E6F-90E8-363C6FBF0F19}.Debug|x64.Build.0 = Debug|x64
		{2029FC22-D2C2-4E6F-90E8-363C6FBF0F19}.Debug|x86.ActiveCfg = Debug|Win32
		{2029FC22-D2C2-4E6F-90E8-363C6FBF0F19}.Debug|x86.Build.0 = Debug|Win32
		{2029FC22-D2C2-4E6F-90E8-363C6FBF0F19}.Release|x64.ActiveCfg = Release|x64
		{2029FC22-D2C2-4E6F-90E8-363C6FBF0F19}.Release|x64.Build.0 = Release|x64
		{2029FC22-D2C2-4E6F-90E8-363C6FBF0F19}.Release|x86.ActiveCfg = Release|Win32
		{2029FC22-D2C2-4E6F-90E8-363C6FBF0F19}.Release|x86.Build.0 = Release|Win32
		{FA9D366C-5B94-48BC-A5C9-DD217315F7DD}.Debug|x64.ActiveCfg = Debug|x64
		{FA9D366C-5B94-48BC-A5C9-DD217315F7DD}.Debug|x64.Build.0 = Debug|x64
		{FA9D366C-5B94-48BC-A5C9-DD217315F7DD}.Debug|x86.ActiveCfg = Debug|Win32
		{FA9D366C-5B94-48BC-A5C9-DD217315F7DD}.Debug|x86.Build.0 = Debug|Win32
		{FA9D366C-5B94-48BC-A5C9-DD217315F7DD}.Release|x64.ActiveCfg = Release|x64
		{FA9D366C-5B94-48BC-A5C9-DD217315F7DD}.Release|x64.Build.0 = Release|x64
		{FA9D366C-5B94-48BC-A5C9-DD217315F7DD}.Release|x86.ActiveCfg = Release|Win32
		{FA9D366C-5B94-48BC-A5C9-DD217315F7DD}.Release|x86.Build.0 = Release|Win32
	EndGlobalSection
	GlobalSection(SolutionProperties) = preSolution
		HideSolutionNode = FALSE
	EndGlobalSection
	GlobalSection(NestedProjects) = preSolution
		{E8014CF2-CD03-4D2C-8137-00805B700903} = {B77D0189-3621-4D09-BD7F-9940A975A595}
		{2029FC22-D2C2-4E6F-90E8-363C6FBF0F19} = {B77D0189-3621-4D09-BD7F-9940A975A595}
		{FA9D366C-5B94-48BC-A5C9-DD217315F7DD} = {B77D0189-3621-4D09-BD7F-9940A975A595}
	EndGlobalSection
	GlobalSection(ExtensibilityGlobals) = postSolution
		SolutionGuid = {EA8A827F-2B63-4CCE-8325-AC19BD94DE13}
	EndGlobalSection
EndGlobal
